
Microsoft Visual Studio Solution File, Format Version 12.00
# Visual Studio Version 17
VisualStudioVersion = 17.13.35913.81
MinimumVisualStudioVersion = 10.0.40219.1
Project("{FAE04EC0-301F-11D3-BF4B-00C04F79EFBC}") = "Criacao.Etiqueta.Windows", "Criacao.Etiqueta.Windows\Criacao.Etiqueta.Windows.csproj", "{917E8117-A9D3-125D-C59A-3ABB5690459A}"
EndProject
Project("{2150E333-8FDC-42A3-9474-1A3956D46DE8}") = "Itens", "Itens", "{02EA681E-C7D8-13C7-8484-4AC65E1B71E8}"
	ProjectSection(SolutionItems) = preProject
		.gitignore = .gitignore
	EndProjectSection
EndProject
Global
	GlobalSection(SolutionConfigurationPlatforms) = preSolution
		Debug|Any CPU = Debug|Any CPU
		Release|Any CPU = Release|Any CPU
	EndGlobalSection
	GlobalSection(ProjectConfigurationPlatforms) = postSolution
		{917E8117-A9D3-125D-C59A-3ABB5690459A}.Debug|Any CPU.ActiveCfg = Debug|Any CPU
		{917E8117-A9D3-125D-C59A-3ABB5690459A}.Debug|Any CPU.Build.0 = Debug|Any CPU
		{917E8117-A9D3-125D-C59A-3ABB5690459A}.Release|Any CPU.ActiveCfg = Release|Any CPU
		{917E8117-A9D3-125D-C59A-3ABB5690459A}.Release|Any CPU.Build.0 = Release|Any CPU
	EndGlobalSection
	GlobalSection(SolutionProperties) = preSolution
		HideSolutionNode = FALSE
	EndGlobalSection
	GlobalSection(ExtensibilityGlobals) = postSolution
		SolutionGuid = {0E4AD77D-83BA-41CB-A7A3-584CD748F1FB}
	EndGlobalSection
EndGlobal
